
Microsoft Visual Studio Solution File, Format Version 12.00
# Visual Studio Version 16
VisualStudioVersion = 16.0.30621.155
MinimumVisualStudioVersion = 10.0.40219.1
Project("{FAE04EC0-301F-11D3-BF4B-00C04F79EFBC}") = "Domain", "Domain\Domain.csproj", "{66476B18-9D54-4114-ACC9-B6E8FA2E4595}"
EndProject
Project("{FAE04EC0-301F-11D3-BF4B-00C04F79EFBC}") = "Infrastructure", "Infrastructure\Infrastructure.csproj", "{D7CEC0AC-191C-4365-98B3-E903B3E25BBE}"
EndProject
Project("{FAE04EC0-301F-11D3-BF4B-00C04F79EFBC}") = "WebApp", "WebApp\WebApp.csproj", "{99C90121-5F87-4D3C-B27A-541EF48B0FCC}"
EndProject
Global
	GlobalSection(SolutionConfigurationPlatforms) = preSolution
		Debug|Any CPU = Debug|Any CPU
		Release|Any CPU = Release|Any CPU
	EndGlobalSection
	GlobalSection(ProjectConfigurationPlatforms) = postSolution
		{66476B18-9D54-4114-ACC9-B6E8FA2E4595}.Debug|Any CPU.ActiveCfg = Debug|Any CPU
		{66476B18-9D54-4114-ACC9-B6E8FA2E4595}.Debug|Any CPU.Build.0 = Debug|Any CPU
		{66476B18-9D54-4114-ACC9-B6E8FA2E4595}.Release|Any CPU.ActiveCfg = Release|Any CPU
		{66476B18-9D54-4114-ACC9-B6E8FA2E4595}.Release|Any CPU.Build.0 = Release|Any CPU
		{D7CEC0AC-191C-4365-98B3-E903B3E25BBE}.Debug|Any CPU.ActiveCfg = Debug|Any CPU
		{D7CEC0AC-191C-4365-98B3-E903B3E25BBE}.Debug|Any CPU.Build.0 = Debug|Any CPU
		{D7CEC0AC-191C-4365-98B3-E903B3E25BBE}.Release|Any CPU.ActiveCfg = Release|Any CPU
		{D7CEC0AC-191C-4365-98B3-E903B3E25BBE}.Release|Any CPU.Build.0 = Release|Any CPU
		{99C90121-5F87-4D3C-B27A-541EF48B0FCC}.Debug|Any CPU.ActiveCfg = Debug|Any CPU
		{99C90121-5F87-4D3C-B27A-541EF48B0FCC}.Debug|Any CPU.Build.0 = Debug|Any CPU
		{99C90121-5F87-4D3C-B27A-541EF48B0FCC}.Release|Any CPU.ActiveCfg = Release|Any CPU
		{99C90121-5F87-4D3C-B27A-541EF48B0FCC}.Release|Any CPU.Build.0 = Release|Any CPU
	EndGlobalSection
	GlobalSection(SolutionProperties) = preSolution
		HideSolutionNode = FALSE
	EndGlobalSection
	GlobalSection(ExtensibilityGlobals) = postSolution
		SolutionGuid = {963E6289-56B4-4817-B813-3291A5DE12E1}
	EndGlobalSection
EndGlobal
